PODS:
  - ImageSlideshow (0.5.0):
    - ImageSlideshow/Core (= 0.5.0)
  - ImageSlideshow/Core (0.5.0)
  - SDWebImage (3.8.1):
    - SDWebImage/Core (= 3.8.1)
  - SDWebImage/Core (3.8.1)

DEPENDENCIES:
  - ImageSlideshow (~> 0.5)
  - SDWebImage (~> 3.7)

SPEC CHECKSUMS:
  ImageSlideshow: b2662127d093a42d9595a6b40af2817d064df251
  SDWebImage: 35f9627a3e44b4f292a8a8ce6a531fa488239b91

PODFILE CHECKSUM: fd960e2287bf04a5bc3a9d0735e82d0aa9a0e5ce

COCOAPODS: 1.0.1
